
Microsoft Visual Studio Solution File, Format Version 12.00
# Visual Studio 15
VisualStudioVersion = 15.0.28307.1000
MinimumVisualStudioVersion = 10.0.40219.1
Project("{FAE04EC0-301F-11D3-BF4B-00C04F79EFBC}") = "WebApplication1", "WebApplication1\WebApplication1.csproj", "{FFA24376-085C-49C3-8E5C-C7CF72258C6B}"
EndProject
Global
	GlobalSection(SolutionConfigurationPlatforms) = preSolution
		Debug|Any CPU = Debug|Any CPU
		Release|Any CPU = Release|Any CPU
	EndGlobalSection
	GlobalSection(ProjectConfigurationPlatforms) = postSolution
		{FFA24376-085C-49C3-8E5C-C7CF72258C6B}.Debug|Any CPU.ActiveCfg = Debug|Any CPU
		{FFA24376-085C-49C3-8E5C-C7CF72258C6B}.Debug|Any CPU.Build.0 = Debug|Any CPU
		{FFA24376-085C-49C3-8E5C-C7CF72258C6B}.Release|Any CPU.ActiveCfg = Release|Any CPU
		{FFA24376-085C-49C3-8E5C-C7CF72258C6B}.Release|Any CPU.Build.0 = Release|Any CPU
	EndGlobalSection
	GlobalSection(SolutionProperties) = preSolution
		HideSolutionNode = FALSE
	EndGlobalSection
	GlobalSection(ExtensibilityGlobals) = postSolution
		SolutionGuid = {F3C48CF8-D474-44F9-8F87-07741A2FA1BE}
	EndGlobalSection
EndGlobal
